
Microsoft Visual Studio Solution File, Format Version 12.00
# Visual Studio Version 17
VisualStudioVersion = 17.14.36310.24 d17.14
MinimumVisualStudioVersion = 10.0.40219.1
Project("{FAE04EC0-301F-11D3-BF4B-00C04F79EFBC}") = "TpMain", "TpMain.csproj", "{B788744E-F8D1-4185-99DE-7203A49C9698}"
EndProject
Global
	GlobalSection(SolutionConfigurationPlatforms) = preSolution
		Debug|Any CPU = Debug|Any CPU
		Release|Any CPU = Release|Any CPU
	EndGlobalSection
	GlobalSection(ProjectConfigurationPlatforms) = postSolution
		{B788744E-F8D1-4185-99DE-7203A49C9698}.Debug|Any CPU.ActiveCfg = Debug|Any CPU
		{B788744E-F8D1-4185-99DE-7203A49C9698}.Debug|Any CPU.Build.0 = Debug|Any CPU
		{B788744E-F8D1-4185-99DE-7203A49C9698}.Release|Any CPU.ActiveCfg = Release|Any CPU
		{B788744E-F8D1-4185-99DE-7203A49C9698}.Release|Any CPU.Build.0 = Release|Any CPU
	EndGlobalSection
	GlobalSection(SolutionProperties) = preSolution
		HideSolutionNode = FALSE
	EndGlobalSection
	GlobalSection(ExtensibilityGlobals) = postSolution
		SolutionGuid = {D7BDBC16-B294-4805-B045-82E55F39920F}
	EndGlobalSection
EndGlobal
